
Microsoft Visual Studio Solution File, Format Version 12.00
# Visual Studio Version 16
VisualStudioVersion = 16.0.29209.62
MinimumVisualStudioVersion = 10.0.40219.1
Project("{FAE04EC0-301F-11D3-BF4B-00C04F79EFBC}") = "MonsterCatcher", "MonsterCatcher\MonsterCatcher.csproj", "{946F657A-1CAC-4BF1-86BD-76C5D8B13F6B}"
EndProject
Global
	GlobalSection(SolutionConfigurationPlatforms) = preSolution
		Debug|Any CPU = Debug|Any CPU
		Release|Any CPU = Release|Any CPU
	EndGlobalSection
	GlobalSection(ProjectConfigurationPlatforms) = postSolution
		{946F657A-1CAC-4BF1-86BD-76C5D8B13F6B}.Debug|Any CPU.ActiveCfg = Debug|Any CPU
		{946F657A-1CAC-4BF1-86BD-76C5D8B13F6B}.Debug|Any CPU.Build.0 = Debug|Any CPU
		{946F657A-1CAC-4BF1-86BD-76C5D8B13F6B}.Release|Any CPU.ActiveCfg = Release|Any CPU
		{946F657A-1CAC-4BF1-86BD-76C5D8B13F6B}.Release|Any CPU.Build.0 = Release|Any CPU
	EndGlobalSection
	GlobalSection(SolutionProperties) = preSolution
		HideSolutionNode = FALSE
	EndGlobalSection
	GlobalSection(ExtensibilityGlobals) = postSolution
		SolutionGuid = {081A2529-73A3-42E1-A7C9-0084810EE227}
	EndGlobalSection
EndGlobal
